
Microsoft Visual Studio Solution File, Format Version 12.00
# Visual Studio Version 17
VisualStudioVersion = 17.8.34330.188
MinimumVisualStudioVersion = 10.0.40219.1
Project("{FAE04EC0-301F-11D3-BF4B-00C04F79EFBC}") = "Korekcja-gamma", "Korekcja-gamma.csproj", "{E0EAD51B-EFDB-4396-9BBA-92EDBF7B6394}"
	ProjectSection(ProjectDependencies) = postProject
		{9A13AC30-947D-48F3-ABF5-8E9C3C3A0F22} = {9A13AC30-947D-48F3-ABF5-8E9C3C3A0F22}
		{0C087CA6-7FE3-473C-909B-E2A39699456A} = {0C087CA6-7FE3-473C-909B-E2A39699456A}
	EndProjectSection
EndProject
Project("{8BC9CEB8-8B4A-11D0-8D11-00A0C91BC942}") = "GammaCorrection", "..\GammaCorrection\GammaCorrection.vcxproj", "{0C087CA6-7FE3-473C-909B-E2A39699456A}"
EndProject
Project("{FAE04EC0-301F-11D3-BF4B-00C04F79EFBC}") = "GammaHighLevel", "..\GammaHighLevel\GammaHighLevel.csproj", "{9A13AC30-947D-48F3-ABF5-8E9C3C3A0F22}"
EndProject
Global
	GlobalSection(SolutionConfigurationPlatforms) = preSolution
		Debug|Any CPU = Debug|Any CPU
		Debug|x64 = Debug|x64
		Debug|x86 = Debug|x86
		Release|Any CPU = Release|Any CPU
		Release|x64 = Release|x64
		Release|x86 = Release|x86
	EndGlobalSection
	GlobalSection(ProjectConfigurationPlatforms) = postSolution
		{E0EAD51B-EFDB-4396-9BBA-92EDBF7B6394}.Debug|Any CPU.ActiveCfg = Debug|x64
		{E0EAD51B-EFDB-4396-9BBA-92EDBF7B6394}.Debug|Any CPU.Build.0 = Debug|x64
		{E0EAD51B-EFDB-4396-9BBA-92EDBF7B6394}.Debug|x64.ActiveCfg = Debug|x64
		{E0EAD51B-EFDB-4396-9BBA-92EDBF7B6394}.Debug|x64.Build.0 = Debug|x64
		{E0EAD51B-EFDB-4396-9BBA-92EDBF7B6394}.Debug|x86.ActiveCfg = Debug|Any CPU
		{E0EAD51B-EFDB-4396-9BBA-92EDBF7B6394}.Debug|x86.Build.0 = Debug|Any CPU
		{E0EAD51B-EFDB-4396-9BBA-92EDBF7B6394}.Release|Any CPU.ActiveCfg = Release|Any CPU
		{E0EAD51B-EFDB-4396-9BBA-92EDBF7B6394}.Release|Any CPU.Build.0 = Release|Any CPU
		{E0EAD51B-EFDB-4396-9BBA-92EDBF7B6394}.Release|x64.ActiveCfg = Release|Any CPU
		{E0EAD51B-EFDB-4396-9BBA-92EDBF7B6394}.Release|x64.Build.0 = Release|Any CPU
		{E0EAD51B-EFDB-4396-9BBA-92EDBF7B6394}.Release|x86.ActiveCfg = Release|Any CPU
		{E0EAD51B-EFDB-4396-9BBA-92EDBF7B6394}.Release|x86.Build.0 = Release|Any CPU
		{0C087CA6-7FE3-473C-909B-E2A39699456A}.Debug|Any CPU.ActiveCfg = Debug|x64
		{0C087CA6-7FE3-473C-909B-E2A39699456A}.Debug|Any CPU.Build.0 = Debug|x64
		{0C087CA6-7FE3-473C-909B-E2A39699456A}.Debug|x64.ActiveCfg = Debug|x64
		{0C087CA6-7FE3-473C-909B-E2A39699456A}.Debug|x64.Build.0 = Debug|x64
		{0C087CA6-7FE3-473C-909B-E2A39699456A}.Debug|x86.ActiveCfg = Debug|Win32
		{0C087CA6-7FE3-473C-909B-E2A39699456A}.Debug|x86.Build.0 = Debug|Win32
		{0C087CA6-7FE3-473C-909B-E2A39699456A}.Release|Any CPU.ActiveCfg = Release|x64
		{0C087CA6-7FE3-473C-909B-E2A39699456A}.Release|Any CPU.Build.0 = Release|x64
		{0C087CA6-7FE3-473C-909B-E2A39699456A}.Release|x64.ActiveCfg = Release|x64
		{0C087CA6-7FE3-473C-909B-E2A39699456A}.Release|x64.Build.0 = Release|x64
		{0C087CA6-7FE3-473C-909B-E2A39699456A}.Release|x86.ActiveCfg = Release|Win32
		{0C087CA6-7FE3-473C-909B-E2A39699456A}.Release|x86.Build.0 = Release|Win32
		{9A13AC30-947D-48F3-ABF5-8E9C3C3A0F22}.Debug|Any CPU.ActiveCfg = Debug|Any CPU
		{9A13AC30-947D-48F3-ABF5-8E9C3C3A0F22}.Debug|Any CPU.Build.0 = Debug|Any CPU
		{9A13AC30-947D-48F3-ABF5-8E9C3C3A0F22}.Debug|x64.ActiveCfg = Debug|Any CPU
		{9A13AC30-947D-48F3-ABF5-8E9C3C3A0F22}.Debug|x64.Build.0 = Debug|Any CPU
		{9A13AC30-947D-48F3-ABF5-8E9C3C3A0F22}.Debug|x86.ActiveCfg = Debug|Any CPU
		{9A13AC30-947D-48F3-ABF5-8E9C3C3A0F22}.Debug|x86.Build.0 = Debug|Any CPU
		{9A13AC30-947D-48F3-ABF5-8E9C3C3A0F22}.Release|Any CPU.ActiveCfg = Release|Any CPU
		{9A13AC30-947D-48F3-ABF5-8E9C3C3A0F22}.Release|Any CPU.Build.0 = Release|Any CPU
		{9A13AC30-947D-48F3-ABF5-8E9C3C3A0F22}.Release|x64.ActiveCfg = Release|Any CPU
		{9A13AC30-947D-48F3-ABF5-8E9C3C3A0F22}.Release|x64.Build.0 = Release|Any CPU
		{9A13AC30-947D-48F3-ABF5-8E9C3C3A0F22}.Release|x86.ActiveCfg = Release|Any CPU
		{9A13AC30-947D-48F3-ABF5-8E9C3C3A0F22}.Release|x86.Build.0 = Release|Any CPU
	EndGlobalSection
	GlobalSection(SolutionProperties) = preSolution
		HideSolutionNode = FALSE
	EndGlobalSection
	GlobalSection(ExtensibilityGlobals) = postSolution
		SolutionGuid = {1B21268B-8C81-47E3-B1F6-D5D1A7894708}
	EndGlobalSection
EndGlobal
